
Microsoft Visual Studio Solution File, Format Version 12.00
Project("{FAE04EC0-301F-11D3-BF4B-00C04F79EFBC}") = "Domain", ".\src\Core\Domain\Domain.csproj", "{2DAE0F49-9FA5-421E-B2D5-78C26B2848E0}"
EndProject
Project("{FAE04EC0-301F-11D3-BF4B-00C04F79EFBC}") = "Common", "src\Core\Common\Common.csproj", "{8923111A-901A-4F94-85F1-2ED05B4D71F5}"
EndProject
Project("{FAE04EC0-301F-11D3-BF4B-00C04F79EFBC}") = "Services", "src\Core\Services\Services.csproj", "{1581C568-08C8-4619-93E2-98C9D8009EA7}"
EndProject
Project("{FAE04EC0-301F-11D3-BF4B-00C04F79EFBC}") = "UseCases", "src\Core\UseCases\UseCases.csproj", "{A20562D8-85E5-4824-AEFC-8A1F4434F7AB}"
EndProject
Project("{FAE04EC0-301F-11D3-BF4B-00C04F79EFBC}") = "Services.Implementation", "src\Infrastructure\Services.Implementation\Services.Implementation.csproj", "{DD49800D-4AF8-4AD1-ADF9-CFB89F5856EF}"
EndProject
Project("{FAE04EC0-301F-11D3-BF4B-00C04F79EFBC}") = "WebApi", "src\WebApi\WebApi.csproj", "{236DC4DB-C745-4280-88B2-0454C04E5329}"
EndProject
Project("{2150E333-8FDC-42A3-9474-1A3956D46DE8}") = "src", "src", "{641C9C39-9197-4786-814B-6E8D1BED161C}"
EndProject
Project("{2150E333-8FDC-42A3-9474-1A3956D46DE8}") = "Core", "Core", "{5D043C0B-620F-4173-B9B4-8FB9ED92F422}"
EndProject
Project("{2150E333-8FDC-42A3-9474-1A3956D46DE8}") = "Infrastructure", "Infrastructure", "{C4E0A92D-C35F-422A-BFF0-5741D21B43FB}"
EndProject
Project("{FAE04EC0-301F-11D3-BF4B-00C04F79EFBC}") = "DataAccess", "src\Infrastructure\DataAccess\DataAccess.csproj", "{42CA71E1-B735-4D66-96E6-743A31F4CEB5}"
EndProject
Project("{FAE04EC0-301F-11D3-BF4B-00C04F79EFBC}") = "Migrations", "src\Infrastructure\Migrations\Migrations.csproj", "{E92A95F0-EADB-40D4-BFB5-BAEA290C0BF7}"
EndProject
Global
	GlobalSection(SolutionConfigurationPlatforms) = preSolution
		Debug|Any CPU = Debug|Any CPU
		Release|Any CPU = Release|Any CPU
	EndGlobalSection
	GlobalSection(ProjectConfigurationPlatforms) = postSolution
		{2DAE0F49-9FA5-421E-B2D5-78C26B2848E0}.Debug|Any CPU.ActiveCfg = Debug|Any CPU
		{2DAE0F49-9FA5-421E-B2D5-78C26B2848E0}.Debug|Any CPU.Build.0 = Debug|Any CPU
		{2DAE0F49-9FA5-421E-B2D5-78C26B2848E0}.Release|Any CPU.ActiveCfg = Release|Any CPU
		{2DAE0F49-9FA5-421E-B2D5-78C26B2848E0}.Release|Any CPU.Build.0 = Release|Any CPU
		{8923111A-901A-4F94-85F1-2ED05B4D71F5}.Debug|Any CPU.ActiveCfg = Debug|Any CPU
		{8923111A-901A-4F94-85F1-2ED05B4D71F5}.Debug|Any CPU.Build.0 = Debug|Any CPU
		{8923111A-901A-4F94-85F1-2ED05B4D71F5}.Release|Any CPU.ActiveCfg = Release|Any CPU
		{8923111A-901A-4F94-85F1-2ED05B4D71F5}.Release|Any CPU.Build.0 = Release|Any CPU
		{1581C568-08C8-4619-93E2-98C9D8009EA7}.Debug|Any CPU.ActiveCfg = Debug|Any CPU
		{1581C568-08C8-4619-93E2-98C9D8009EA7}.Debug|Any CPU.Build.0 = Debug|Any CPU
		{1581C568-08C8-4619-93E2-98C9D8009EA7}.Release|Any CPU.ActiveCfg = Release|Any CPU
		{1581C568-08C8-4619-93E2-98C9D8009EA7}.Release|Any CPU.Build.0 = Release|Any CPU
		{A20562D8-85E5-4824-AEFC-8A1F4434F7AB}.Debug|Any CPU.ActiveCfg = Debug|Any CPU
		{A20562D8-85E5-4824-AEFC-8A1F4434F7AB}.Debug|Any CPU.Build.0 = Debug|Any CPU
		{A20562D8-85E5-4824-AEFC-8A1F4434F7AB}.Release|Any CPU.ActiveCfg = Release|Any CPU
		{A20562D8-85E5-4824-AEFC-8A1F4434F7AB}.Release|Any CPU.Build.0 = Release|Any CPU
		{DD49800D-4AF8-4AD1-ADF9-CFB89F5856EF}.Debug|Any CPU.ActiveCfg = Debug|Any CPU
		{DD49800D-4AF8-4AD1-ADF9-CFB89F5856EF}.Debug|Any CPU.Build.0 = Debug|Any CPU
		{DD49800D-4AF8-4AD1-ADF9-CFB89F5856EF}.Release|Any CPU.ActiveCfg = Release|Any CPU
		{DD49800D-4AF8-4AD1-ADF9-CFB89F5856EF}.Release|Any CPU.Build.0 = Release|Any CPU
		{236DC4DB-C745-4280-88B2-0454C04E5329}.Debug|Any CPU.ActiveCfg = Debug|Any CPU
		{236DC4DB-C745-4280-88B2-0454C04E5329}.Debug|Any CPU.Build.0 = Debug|Any CPU
		{236DC4DB-C745-4280-88B2-0454C04E5329}.Release|Any CPU.ActiveCfg = Release|Any CPU
		{236DC4DB-C745-4280-88B2-0454C04E5329}.Release|Any CPU.Build.0 = Release|Any CPU
		{42CA71E1-B735-4D66-96E6-743A31F4CEB5}.Debug|Any CPU.ActiveCfg = Debug|Any CPU
		{42CA71E1-B735-4D66-96E6-743A31F4CEB5}.Debug|Any CPU.Build.0 = Debug|Any CPU
		{42CA71E1-B735-4D66-96E6-743A31F4CEB5}.Release|Any CPU.ActiveCfg = Release|Any CPU
		{42CA71E1-B735-4D66-96E6-743A31F4CEB5}.Release|Any CPU.Build.0 = Release|Any CPU
		{E92A95F0-EADB-40D4-BFB5-BAEA290C0BF7}.Debug|Any CPU.ActiveCfg = Debug|Any CPU
		{E92A95F0-EADB-40D4-BFB5-BAEA290C0BF7}.Debug|Any CPU.Build.0 = Debug|Any CPU
		{E92A95F0-EADB-40D4-BFB5-BAEA290C0BF7}.Release|Any CPU.ActiveCfg = Release|Any CPU
		{E92A95F0-EADB-40D4-BFB5-BAEA290C0BF7}.Release|Any CPU.Build.0 = Release|Any CPU
	EndGlobalSection
	GlobalSection(NestedProjects) = preSolution
		{5D043C0B-620F-4173-B9B4-8FB9ED92F422} = {641C9C39-9197-4786-814B-6E8D1BED161C}
		{2DAE0F49-9FA5-421E-B2D5-78C26B2848E0} = {5D043C0B-620F-4173-B9B4-8FB9ED92F422}
		{1581C568-08C8-4619-93E2-98C9D8009EA7} = {5D043C0B-620F-4173-B9B4-8FB9ED92F422}
		{8923111A-901A-4F94-85F1-2ED05B4D71F5} = {5D043C0B-620F-4173-B9B4-8FB9ED92F422}
		{C4E0A92D-C35F-422A-BFF0-5741D21B43FB} = {641C9C39-9197-4786-814B-6E8D1BED161C}
		{DD49800D-4AF8-4AD1-ADF9-CFB89F5856EF} = {C4E0A92D-C35F-422A-BFF0-5741D21B43FB}
		{A20562D8-85E5-4824-AEFC-8A1F4434F7AB} = {5D043C0B-620F-4173-B9B4-8FB9ED92F422}
		{236DC4DB-C745-4280-88B2-0454C04E5329} = {641C9C39-9197-4786-814B-6E8D1BED161C}
		{42CA71E1-B735-4D66-96E6-743A31F4CEB5} = {C4E0A92D-C35F-422A-BFF0-5741D21B43FB}
		{E92A95F0-EADB-40D4-BFB5-BAEA290C0BF7} = {C4E0A92D-C35F-422A-BFF0-5741D21B43FB}
	EndGlobalSection
EndGlobal
