
Microsoft Visual Studio Solution File, Format Version 12.00
Project("{2150E333-8FDC-42A3-9474-1A3956D46DE8}") = "Core", "Core", "{2B168EC6-9097-4CA2-8F0D-A783F298F5ED}"
EndProject
Project("{2150E333-8FDC-42A3-9474-1A3956D46DE8}") = "Infrastructure", "Infrastructure", "{20209B99-876F-4B77-988F-CACEE64BB9FC}"
EndProject
Project("{FAE04EC0-301F-11D3-BF4B-00C04F79EFBC}") = "Domain", "Core\Domain\Domain.csproj", "{2DAE0F49-9FA5-421E-B2D5-78C26B2848E0}"
EndProject
Project("{FAE04EC0-301F-11D3-BF4B-00C04F79EFBC}") = "Common", "Core\Common\Common.csproj", "{8923111A-901A-4F94-85F1-2ED05B4D71F5}"
EndProject
Project("{FAE04EC0-301F-11D3-BF4B-00C04F79EFBC}") = "Services", "Core\Services\Services.csproj", "{1581C568-08C8-4619-93E2-98C9D8009EA7}"
EndProject
Project("{FAE04EC0-301F-11D3-BF4B-00C04F79EFBC}") = "UseCases", "Core\UseCases\UseCases.csproj", "{A20562D8-85E5-4824-AEFC-8A1F4434F7AB}"
EndProject
Project("{FAE04EC0-301F-11D3-BF4B-00C04F79EFBC}") = "Services.Implementation", "Infrastructure\Services.Implementation\Services.Implementation.csproj", "{DD49800D-4AF8-4AD1-ADF9-CFB89F5856EF}"
EndProject
Project("{FAE04EC0-301F-11D3-BF4B-00C04F79EFBC}") = "WebApi", "WebApi\WebApi.csproj", "{236DC4DB-C745-4280-88B2-0454C04E5329}"
EndProject
Global
	GlobalSection(SolutionConfigurationPlatforms) = preSolution
		Debug|Any CPU = Debug|Any CPU
		Release|Any CPU = Release|Any CPU
	EndGlobalSection
	GlobalSection(ProjectConfigurationPlatforms) = postSolution
		{2DAE0F49-9FA5-421E-B2D5-78C26B2848E0}.Debug|Any CPU.ActiveCfg = Debug|Any CPU
		{2DAE0F49-9FA5-421E-B2D5-78C26B2848E0}.Debug|Any CPU.Build.0 = Debug|Any CPU
		{2DAE0F49-9FA5-421E-B2D5-78C26B2848E0}.Release|Any CPU.ActiveCfg = Release|Any CPU
		{2DAE0F49-9FA5-421E-B2D5-78C26B2848E0}.Release|Any CPU.Build.0 = Release|Any CPU
		{8923111A-901A-4F94-85F1-2ED05B4D71F5}.Debug|Any CPU.ActiveCfg = Debug|Any CPU
		{8923111A-901A-4F94-85F1-2ED05B4D71F5}.Debug|Any CPU.Build.0 = Debug|Any CPU
		{8923111A-901A-4F94-85F1-2ED05B4D71F5}.Release|Any CPU.ActiveCfg = Release|Any CPU
		{8923111A-901A-4F94-85F1-2ED05B4D71F5}.Release|Any CPU.Build.0 = Release|Any CPU
		{1581C568-08C8-4619-93E2-98C9D8009EA7}.Debug|Any CPU.ActiveCfg = Debug|Any CPU
		{1581C568-08C8-4619-93E2-98C9D8009EA7}.Debug|Any CPU.Build.0 = Debug|Any CPU
		{1581C568-08C8-4619-93E2-98C9D8009EA7}.Release|Any CPU.ActiveCfg = Release|Any CPU
		{1581C568-08C8-4619-93E2-98C9D8009EA7}.Release|Any CPU.Build.0 = Release|Any CPU
		{A20562D8-85E5-4824-AEFC-8A1F4434F7AB}.Debug|Any CPU.ActiveCfg = Debug|Any CPU
		{A20562D8-85E5-4824-AEFC-8A1F4434F7AB}.Debug|Any CPU.Build.0 = Debug|Any CPU
		{A20562D8-85E5-4824-AEFC-8A1F4434F7AB}.Release|Any CPU.ActiveCfg = Release|Any CPU
		{A20562D8-85E5-4824-AEFC-8A1F4434F7AB}.Release|Any CPU.Build.0 = Release|Any CPU
		{DD49800D-4AF8-4AD1-ADF9-CFB89F5856EF}.Debug|Any CPU.ActiveCfg = Debug|Any CPU
		{DD49800D-4AF8-4AD1-ADF9-CFB89F5856EF}.Debug|Any CPU.Build.0 = Debug|Any CPU
		{DD49800D-4AF8-4AD1-ADF9-CFB89F5856EF}.Release|Any CPU.ActiveCfg = Release|Any CPU
		{DD49800D-4AF8-4AD1-ADF9-CFB89F5856EF}.Release|Any CPU.Build.0 = Release|Any CPU
		{236DC4DB-C745-4280-88B2-0454C04E5329}.Debug|Any CPU.ActiveCfg = Debug|Any CPU
		{236DC4DB-C745-4280-88B2-0454C04E5329}.Debug|Any CPU.Build.0 = Debug|Any CPU
		{236DC4DB-C745-4280-88B2-0454C04E5329}.Release|Any CPU.ActiveCfg = Release|Any CPU
		{236DC4DB-C745-4280-88B2-0454C04E5329}.Release|Any CPU.Build.0 = Release|Any CPU
	EndGlobalSection
	GlobalSection(NestedProjects) = preSolution
		{2DAE0F49-9FA5-421E-B2D5-78C26B2848E0} = {2B168EC6-9097-4CA2-8F0D-A783F298F5ED}
		{8923111A-901A-4F94-85F1-2ED05B4D71F5} = {2B168EC6-9097-4CA2-8F0D-A783F298F5ED}
		{1581C568-08C8-4619-93E2-98C9D8009EA7} = {2B168EC6-9097-4CA2-8F0D-A783F298F5ED}
		{A20562D8-85E5-4824-AEFC-8A1F4434F7AB} = {2B168EC6-9097-4CA2-8F0D-A783F298F5ED}
		{DD49800D-4AF8-4AD1-ADF9-CFB89F5856EF} = {20209B99-876F-4B77-988F-CACEE64BB9FC}
	EndGlobalSection
EndGlobal
